// !$*UTF8*$!
{
	archiveVersion = 1;
	classes = {
	};
	objectVersion = 46;
	objects = {

/* Begin PBXBuildFile section */
		8413A14F1C0AEBD100367F3E /* main.cpp in Sources */ = {isa = PBXBuildFile; fileRef = 8413A14E1C0AEBD100367F3E /* main.cpp */; };
		8413A15F1C0AEC6D00367F3E /* SDL2.framework in Frameworks */ = {isa = PBXBuildFile; fileRef = 8413A15E1C0AEC6D00367F3E /* SDL2.framework */; };
		8413A1611C0AEC7200367F3E /* OpenGL.framework in Frameworks */ = {isa = PBXBuildFile; fileRef = 8413A1601C0AEC7200367F3E /* OpenGL.framework */; };
		843911B71C0BE6C000134AB6 /* PixelSpaceOdysseyTests.mm in Sources */ = {isa = PBXBuildFile; fileRef = 843911B61C0BE6C000134AB6 /* PixelSpaceOdysseyTests.mm */; };
		843911BF1C0BF00F00134AB6 /* tiles.bmp in Resources */ = {isa = PBXBuildFile; fileRef = 843911BE1C0BF00F00134AB6 /* tiles.bmp */; };
		843911C21C0BF30900134AB6 /* TileView.cpp in Sources */ = {isa = PBXBuildFile; fileRef = 843911C01C0BF30900134AB6 /* TileView.cpp */; };
		843911C71C0C288600134AB6 /* EditorState.cpp in Sources */ = {isa = PBXBuildFile; fileRef = 843911C61C0C288600134AB6 /* EditorState.cpp */; };
		843911CA1C0D339700134AB6 /* EditorView.cpp in Sources */ = {isa = PBXBuildFile; fileRef = 843911C81C0D339700134AB6 /* EditorView.cpp */; };
		843911CD1C0D364800134AB6 /* TileSet.cpp in Sources */ = {isa = PBXBuildFile; fileRef = 843911CB1C0D364800134AB6 /* TileSet.cpp */; };
		843911D01C0D41B100134AB6 /* RootView.cpp in Sources */ = {isa = PBXBuildFile; fileRef = 843911CE1C0D41B100134AB6 /* RootView.cpp */; };
		843911D31C0E9A7300134AB6 /* button_pause.bmp in Resources */ = {isa = PBXBuildFile; fileRef = 843911D11C0E9A7300134AB6 /* button_pause.bmp */; };
		843911D41C0E9A7300134AB6 /* button_step.bmp in Resources */ = {isa = PBXBuildFile; fileRef = 843911D21C0E9A7300134AB6 /* button_step.bmp */; };
		843911D71C0E9E5600134AB6 /* RectView.cpp in Sources */ = {isa = PBXBuildFile; fileRef = 843911D51C0E9E5600134AB6 /* RectView.cpp */; };
		843911D91C0EA28D00134AB6 /* button_grid.bmp in Resources */ = {isa = PBXBuildFile; fileRef = 843911D81C0EA28D00134AB6 /* button_grid.bmp */; };
		843C160E1C0B7E9A0036794D /* DisplayView.cpp in Sources */ = {isa = PBXBuildFile; fileRef = 843C160C1C0B7E9A0036794D /* DisplayView.cpp */; };
		843C16221C0B7F5D0036794D /* character.cpp in Sources */ = {isa = PBXBuildFile; fileRef = 843C16121C0B7F5D0036794D /* character.cpp */; };
		843C16231C0B7F5D0036794D /* drawing.cpp in Sources */ = {isa = PBXBuildFile; fileRef = 843C16151C0B7F5D0036794D /* drawing.cpp */; };
		843C16241C0B7F5D0036794D /* game.cpp in Sources */ = {isa = PBXBuildFile; fileRef = 843C16171C0B7F5D0036794D /* game.cpp */; };
		843C16251C0B7F5D0036794D /* player_animations.cpp in Sources */ = {isa = PBXBuildFile; fileRef = 843C16191C0B7F5D0036794D /* player_animations.cpp */; };
		843C16261C0B7F5D0036794D /* tilemap.cpp in Sources */ = {isa = PBXBuildFile; fileRef = 843C161B1C0B7F5D0036794D /* tilemap.cpp */; };
		843C16271C0B7F5D0036794D /* tiles_lair_01.cpp in Sources */ = {isa = PBXBuildFile; fileRef = 843C161D1C0B7F5D0036794D /* tiles_lair_01.cpp */; };
		843C16281C0B7F5D0036794D /* tiles_tb_caverns.cpp in Sources */ = {isa = PBXBuildFile; fileRef = 843C161F1C0B7F5D0036794D /* tiles_tb_caverns.cpp */; };
		843C16291C0B7F5D0036794D /* PixelSpaceOdyssey.ino in Resources */ = {isa = PBXBuildFile; fileRef = 843C16211C0B7F5D0036794D /* PixelSpaceOdyssey.ino */; };
		843C16341C0B80180036794D /* Arduboy.cpp in Sources */ = {isa = PBXBuildFile; fileRef = 843C162B1C0B80180036794D /* Arduboy.cpp */; };
		843C16351C0B80180036794D /* Arduino.cpp in Sources */ = {isa = PBXBuildFile; fileRef = 843C162D1C0B80180036794D /* Arduino.cpp */; };
		843C16361C0B80180036794D /* audio.cpp in Sources */ = {isa = PBXBuildFile; fileRef = 843C162E1C0B80180036794D /* audio.cpp */; };
		843C16371C0B80180036794D /* core.cpp in Sources */ = {isa = PBXBuildFile; fileRef = 843C16301C0B80180036794D /* core.cpp */; };
		843C16381C0B80180036794D /* glcdfont.c in Sources */ = {isa = PBXBuildFile; fileRef = 843C16321C0B80180036794D /* glcdfont.c */; };
		EF79DFF91C0E65A800F67559 /* button_play.bmp in Resources */ = {isa = PBXBuildFile; fileRef = EF79DFF81C0E65A800F67559 /* button_play.bmp */; };
		EF79DFFC1C0E69FE00F67559 /* Texture.cpp in Sources */ = {isa = PBXBuildFile; fileRef = EF79DFFA1C0E69FE00F67559 /* Texture.cpp */; };
		EF79E0011C0E725A00F67559 /* Object.cpp in Sources */ = {isa = PBXBuildFile; fileRef = EF79E0001C0E725A00F67559 /* Object.cpp */; };
		EFF3B3CA1C0E3E3100B19A87 /* Button.cpp in Sources */ = {isa = PBXBuildFile; fileRef = EFF3B3C81C0E3E3100B19A87 /* Button.cpp */; };
		EFF3B3CE1C0E3FDB00B19A87 /* Image.cpp in Sources */ = {isa = PBXBuildFile; fileRef = EFF3B3CC1C0E3FDB00B19A87 /* Image.cpp */; };
/* End PBXBuildFile section */

/* Begin PBXContainerItemProxy section */
		843911B91C0BE6C000134AB6 /* PBXContainerItemProxy */ = {
			isa = PBXContainerItemProxy;
			containerPortal = 8413A13F1C0AEBD100367F3E /* Project object */;
			proxyType = 1;
			remoteGlobalIDString = 8413A1461C0AEBD100367F3E;
			remoteInfo = PixelSpaceOdyssey;
		};
/* End PBXContainerItemProxy section */

/* Begin PBXFileReference section */
		8413A1471C0AEBD100367F3E /* PixelSpaceOdyssey.app */ = {isa = PBXFileReference; explicitFileType = wrapper.application; includeInIndex = 0; path = PixelSpaceOdyssey.app; sourceTree = BUILT_PRODUCTS_DIR; };
		8413A14E1C0AEBD100367F3E /* main.cpp */ = {isa = PBXFileReference; lastKnownFileType = sourcecode.cpp.cpp; path = main.cpp; sourceTree = "<group>"; };
		8413A1581C0AEBD100367F3E /* Info.plist */ = {isa = PBXFileReference; lastKnownFileType = text.plist.xml; path = Info.plist; sourceTree = "<group>"; };
		8413A15E1C0AEC6D00367F3E /* SDL2.framework */ = {isa = PBXFileReference; lastKnownFileType = wrapper.framework; name = SDL2.framework; path = /Library/Frameworks/SDL2.framework; sourceTree = "<absolute>"; };
		8413A1601C0AEC7200367F3E /* OpenGL.framework */ = {isa = PBXFileReference; lastKnownFileType = wrapper.framework; name = OpenGL.framework; path = System/Library/Frameworks/OpenGL.framework; sourceTree = SDKROOT; };
		843911B41C0BE6C000134AB6 /* PixelSpaceOdysseyTests.xctest */ = {isa = PBXFileReference; explicitFileType = wrapper.cfbundle; includeInIndex = 0; path = PixelSpaceOdysseyTests.xctest; sourceTree = BUILT_PRODUCTS_DIR; };
		843911B61C0BE6C000134AB6 /* PixelSpaceOdysseyTests.mm */ = {isa = PBXFileReference; lastKnownFileType = sourcecode.cpp.objcpp; path = PixelSpaceOdysseyTests.mm; sourceTree = "<group>"; };
		843911B81C0BE6C000134AB6 /* Info.plist */ = {isa = PBXFileReference; lastKnownFileType = text.plist.xml; path = Info.plist; sourceTree = "<group>"; };
		843911BE1C0BF00F00134AB6 /* tiles.bmp */ = {isa = PBXFileReference; lastKnownFileType = image.bmp; path = tiles.bmp; sourceTree = "<group>"; };
		843911C01C0BF30900134AB6 /* TileView.cpp */ = {isa = PBXFileReference; fileEncoding = 4; lastKnownFileType = sourcecode.cpp.cpp; path = TileView.cpp; sourceTree = "<group>"; };
		843911C11C0BF30900134AB6 /* TileView.h */ = {isa = PBXFileReference; fileEncoding = 4; lastKnownFileType = sourcecode.c.h; path = TileView.h; sourceTree = "<group>"; };
		843911C41C0C26D300134AB6 /* EditorState.h */ = {isa = PBXFileReference; fileEncoding = 4; lastKnownFileType = sourcecode.c.h; path = EditorState.h; sourceTree = "<group>"; };
		843911C61C0C288600134AB6 /* EditorState.cpp */ = {isa = PBXFileReference; fileEncoding = 4; lastKnownFileType = sourcecode.cpp.cpp; path = EditorState.cpp; sourceTree = "<group>"; };
		843911C81C0D339700134AB6 /* EditorView.cpp */ = {isa = PBXFileReference; fileEncoding = 4; lastKnownFileType = sourcecode.cpp.cpp; path = EditorView.cpp; sourceTree = "<group>"; };
		843911C91C0D339700134AB6 /* EditorView.h */ = {isa = PBXFileReference; fileEncoding = 4; lastKnownFileType = sourcecode.c.h; path = EditorView.h; sourceTree = "<group>"; };
		843911CB1C0D364800134AB6 /* TileSet.cpp */ = {isa = PBXFileReference; fileEncoding = 4; lastKnownFileType = sourcecode.cpp.cpp; path = TileSet.cpp; sourceTree = "<group>"; };
		843911CC1C0D364800134AB6 /* TileSet.h */ = {isa = PBXFileReference; fileEncoding = 4; lastKnownFileType = sourcecode.c.h; path = TileSet.h; sourceTree = "<group>"; };
		843911CE1C0D41B100134AB6 /* RootView.cpp */ = {isa = PBXFileReference; fileEncoding = 4; lastKnownFileType = sourcecode.cpp.cpp; path = RootView.cpp; sourceTree = "<group>"; };
		843911CF1C0D41B100134AB6 /* RootView.h */ = {isa = PBXFileReference; fileEncoding = 4; lastKnownFileType = sourcecode.c.h; path = RootView.h; sourceTree = "<group>"; };
		843911D11C0E9A7300134AB6 /* button_pause.bmp */ = {isa = PBXFileReference; lastKnownFileType = image.bmp; path = button_pause.bmp; sourceTree = "<group>"; };
		843911D21C0E9A7300134AB6 /* button_step.bmp */ = {isa = PBXFileReference; lastKnownFileType = image.bmp; path = button_step.bmp; sourceTree = "<group>"; };
		843911D51C0E9E5600134AB6 /* RectView.cpp */ = {isa = PBXFileReference; fileEncoding = 4; lastKnownFileType = sourcecode.cpp.cpp; path = RectView.cpp; sourceTree = "<group>"; };
		843911D61C0E9E5600134AB6 /* RectView.h */ = {isa = PBXFileReference; fileEncoding = 4; lastKnownFileType = sourcecode.c.h; path = RectView.h; sourceTree = "<group>"; };
		843911D81C0EA28D00134AB6 /* button_grid.bmp */ = {isa = PBXFileReference; lastKnownFileType = image.bmp; path = button_grid.bmp; sourceTree = "<group>"; };
		843C160C1C0B7E9A0036794D /* DisplayView.cpp */ = {isa = PBXFileReference; fileEncoding = 4; lastKnownFileType = sourcecode.cpp.cpp; path = DisplayView.cpp; sourceTree = "<group>"; };
		843C160D1C0B7E9A0036794D /* DisplayView.h */ = {isa = PBXFileReference; fileEncoding = 4; lastKnownFileType = sourcecode.c.h; path = DisplayView.h; sourceTree = "<group>"; };
		843C16101C0B7F5D0036794D /* animation.h */ = {isa = PBXFileReference; fileEncoding = 4; lastKnownFileType = sourcecode.c.h; name = animation.h; path = ../../../PixelSpaceOdyssey/animation.h; sourceTree = "<group>"; };
		843C16111C0B7F5D0036794D /* bridge.h */ = {isa = PBXFileReference; fileEncoding = 4; lastKnownFileType = sourcecode.c.h; name = bridge.h; path = ../../../PixelSpaceOdyssey/bridge.h; sourceTree = "<group>"; };
		843C16121C0B7F5D0036794D /* character.cpp */ = {isa = PBXFileReference; fileEncoding = 4; lastKnownFileType = sourcecode.cpp.cpp; name = character.cpp; path = ../../../PixelSpaceOdyssey/character.cpp; sourceTree = "<group>"; };
		843C16131C0B7F5D0036794D /* character.h */ = {isa = PBXFileReference; fileEncoding = 4; lastKnownFileType = sourcecode.c.h; name = character.h; path = ../../../PixelSpaceOdyssey/character.h; sourceTree = "<group>"; };
		843C16141C0B7F5D0036794D /* common.h */ = {isa = PBXFileReference; fileEncoding = 4; lastKnownFileType = sourcecode.c.h; name = common.h; path = ../../../PixelSpaceOdyssey/common.h; sourceTree = "<group>"; };
		843C16151C0B7F5D0036794D /* drawing.cpp */ = {isa = PBXFileReference; fileEncoding = 4; lastKnownFileType = sourcecode.cpp.cpp; name = drawing.cpp; path = ../../../PixelSpaceOdyssey/drawing.cpp; sourceTree = "<group>"; };
		843C16161C0B7F5D0036794D /* drawing.h */ = {isa = PBXFileReference; fileEncoding = 4; lastKnownFileType = sourcecode.c.h; name = drawing.h; path = ../../../PixelSpaceOdyssey/drawing.h; sourceTree = "<group>"; };
		843C16171C0B7F5D0036794D /* game.cpp */ = {isa = PBXFileReference; fileEncoding = 4; lastKnownFileType = sourcecode.cpp.cpp; name = game.cpp; path = ../../../PixelSpaceOdyssey/game.cpp; sourceTree = "<group>"; };
		843C16181C0B7F5D0036794D /* game.h */ = {isa = PBXFileReference; fileEncoding = 4; lastKnownFileType = sourcecode.c.h; name = game.h; path = ../../../PixelSpaceOdyssey/game.h; sourceTree = "<group>"; };
		843C16191C0B7F5D0036794D /* player_animations.cpp */ = {isa = PBXFileReference; fileEncoding = 4; lastKnownFileType = sourcecode.cpp.cpp; name = player_animations.cpp; path = ../../../PixelSpaceOdyssey/player_animations.cpp; sourceTree = "<group>"; };
		843C161A1C0B7F5D0036794D /* player_animations.h */ = {isa = PBXFileReference; fileEncoding = 4; lastKnownFileType = sourcecode.c.h; name = player_animations.h; path = ../../../PixelSpaceOdyssey/player_animations.h; sourceTree = "<group>"; };
		843C161B1C0B7F5D0036794D /* tilemap.cpp */ = {isa = PBXFileReference; fileEncoding = 4; lastKnownFileType = sourcecode.cpp.cpp; name = tilemap.cpp; path = ../../../PixelSpaceOdyssey/tilemap.cpp; sourceTree = "<group>"; };
		843C161C1C0B7F5D0036794D /* tilemap.h */ = {isa = PBXFileReference; fileEncoding = 4; lastKnownFileType = sourcecode.c.h; name = tilemap.h; path = ../../../PixelSpaceOdyssey/tilemap.h; sourceTree = "<group>"; };
		843C161D1C0B7F5D0036794D /* tiles_lair_01.cpp */ = {isa = PBXFileReference; fileEncoding = 4; lastKnownFileType = sourcecode.cpp.cpp; name = tiles_lair_01.cpp; path = ../../../PixelSpaceOdyssey/tiles_lair_01.cpp; sourceTree = "<group>"; };
		843C161E1C0B7F5D0036794D /* tiles_lair_01.h */ = {isa = PBXFileReference; fileEncoding = 4; lastKnownFileType = sourcecode.c.h; name = tiles_lair_01.h; path = ../../../PixelSpaceOdyssey/tiles_lair_01.h; sourceTree = "<group>"; };
		843C161F1C0B7F5D0036794D /* tiles_tb_caverns.cpp */ = {isa = PBXFileReference; fileEncoding = 4; lastKnownFileType = sourcecode.cpp.cpp; name = tiles_tb_caverns.cpp; path = ../../../PixelSpaceOdyssey/tiles_tb_caverns.cpp; sourceTree = "<group>"; };
		843C16201C0B7F5D0036794D /* tiles_tb_caverns.h */ = {isa = PBXFileReference; fileEncoding = 4; lastKnownFileType = sourcecode.c.h; name = tiles_tb_caverns.h; path = ../../../PixelSpaceOdyssey/tiles_tb_caverns.h; sourceTree = "<group>"; };
		843C16211C0B7F5D0036794D /* PixelSpaceOdyssey.ino */ = {isa = PBXFileReference; fileEncoding = 4; lastKnownFileType = text; name = PixelSpaceOdyssey.ino; path = ../../../PixelSpaceOdyssey/PixelSpaceOdyssey.ino; sourceTree = "<group>"; };
		843C162B1C0B80180036794D /* Arduboy.cpp */ = {isa = PBXFileReference; fileEncoding = 4; lastKnownFileType = sourcecode.cpp.cpp; path = Arduboy.cpp; sourceTree = "<group>"; };
		843C162C1C0B80180036794D /* Arduboy.h */ = {isa = PBXFileReference; fileEncoding = 4; lastKnownFileType = sourcecode.c.h; path = Arduboy.h; sourceTree = "<group>"; };
		843C162D1C0B80180036794D /* Arduino.cpp */ = {isa = PBXFileReference; fileEncoding = 4; lastKnownFileType = sourcecode.cpp.cpp; path = Arduino.cpp; sourceTree = "<group>"; };
		843C162E1C0B80180036794D /* audio.cpp */ = {isa = PBXFileReference; fileEncoding = 4; lastKnownFileType = sourcecode.cpp.cpp; path = audio.cpp; sourceTree = "<group>"; };
		843C162F1C0B80180036794D /* audio.h */ = {isa = PBXFileReference; fileEncoding = 4; lastKnownFileType = sourcecode.c.h; path = audio.h; sourceTree = "<group>"; };
		843C16301C0B80180036794D /* core.cpp */ = {isa = PBXFileReference; fileEncoding = 4; lastKnownFileType = sourcecode.cpp.cpp; path = core.cpp; sourceTree = "<group>"; };
		843C16311C0B80180036794D /* core.h */ = {isa = PBXFileReference; fileEncoding = 4; lastKnownFileType = sourcecode.c.h; path = core.h; sourceTree = "<group>"; };
		843C16321C0B80180036794D /* glcdfont.c */ = {isa = PBXFileReference; fileEncoding = 4; lastKnownFileType = sourcecode.c.c; path = glcdfont.c; sourceTree = "<group>"; };
		843C16331C0B80180036794D /* platform.h */ = {isa = PBXFileReference; fileEncoding = 4; lastKnownFileType = sourcecode.c.h; path = platform.h; sourceTree = "<group>"; };
		843C16571C0B85700036794D /* Platform */ = {isa = PBXFileReference; lastKnownFileType = folder; name = Platform; path = ../Platform; sourceTree = "<group>"; };
		843C165C1C0BDC4B0036794D /* View.h */ = {isa = PBXFileReference; fileEncoding = 4; lastKnownFileType = sourcecode.c.h; path = View.h; sourceTree = "<group>"; };
		843C16651C0BE0FF0036794D /* List.h */ = {isa = PBXFileReference; fileEncoding = 4; lastKnownFileType = sourcecode.c.h; path = List.h; sourceTree = "<group>"; };
		EF79DFF81C0E65A800F67559 /* button_play.bmp */ = {isa = PBXFileReference; lastKnownFileType = image.bmp; path = button_play.bmp; sourceTree = "<group>"; };
		EF79DFFA1C0E69FE00F67559 /* Texture.cpp */ = {isa = PBXFileReference; fileEncoding = 4; lastKnownFileType = sourcecode.cpp.cpp; path = Texture.cpp; sourceTree = "<group>"; };
		EF79DFFB1C0E69FE00F67559 /* Texture.h */ = {isa = PBXFileReference; fileEncoding = 4; lastKnownFileType = sourcecode.c.h; path = Texture.h; sourceTree = "<group>"; };
		EF79DFFE1C0E6A2200F67559 /* Object.h */ = {isa = PBXFileReference; fileEncoding = 4; lastKnownFileType = sourcecode.c.h; path = Object.h; sourceTree = "<group>"; };
		EF79E0001C0E725A00F67559 /* Object.cpp */ = {isa = PBXFileReference; fileEncoding = 4; lastKnownFileType = sourcecode.cpp.cpp; path = Object.cpp; sourceTree = "<group>"; };
		EFF3B3C81C0E3E3100B19A87 /* Button.cpp */ = {isa = PBXFileReference; fileEncoding = 4; lastKnownFileType = sourcecode.cpp.cpp; path = Button.cpp; sourceTree = "<group>"; };
		EFF3B3C91C0E3E3100B19A87 /* Button.h */ = {isa = PBXFileReference; fileEncoding = 4; lastKnownFileType = sourcecode.c.h; path = Button.h; sourceTree = "<group>"; };
		EFF3B3CC1C0E3FDB00B19A87 /* Image.cpp */ = {isa = PBXFileReference; fileEncoding = 4; lastKnownFileType = sourcecode.cpp.cpp; path = Image.cpp; sourceTree = "<group>"; };
		EFF3B3CD1C0E3FDB00B19A87 /* Image.h */ = {isa = PBXFileReference; fileEncoding = 4; lastKnownFileType = sourcecode.c.h; path = Image.h; sourceTree = "<group>"; };
/* End PBXFileReference section */

/* Begin PBXFrameworksBuildPhase section */
		8413A1441C0AEBD100367F3E /* Frameworks */ = {
			isa = PBXFrameworksBuildPhase;
			buildActionMask = 2147483647;
			files = (
				8413A1611C0AEC7200367F3E /* OpenGL.framework in Frameworks */,
				8413A15F1C0AEC6D00367F3E /* SDL2.framework in Frameworks */,
			);
			runOnlyForDeploymentPostprocessing = 0;
		};
		843911B11C0BE6C000134AB6 /* Frameworks */ = {
			isa = PBXFrameworksBuildPhase;
			buildActionMask = 2147483647;
			files = (
			);
			runOnlyForDeploymentPostprocessing = 0;
		};
/* End PBXFrameworksBuildPhase section */

/* Begin PBXGroup section */
		8413A13E1C0AEBD100367F3E = {
			isa = PBXGroup;
			children = (
				843C162A1C0B80180036794D /* Arduboy */,
				8413A1491C0AEBD100367F3E /* PixelSpaceOdyssey */,
				843911B51C0BE6C000134AB6 /* PixelSpaceOdysseyTests */,
				843C16571C0B85700036794D /* Platform */,
				843C160B1C0AED150036794D /* Frameworks */,
				8413A1481C0AEBD100367F3E /* Products */,
			);
			sourceTree = "<group>";
		};
		8413A1481C0AEBD100367F3E /* Products */ = {
			isa = PBXGroup;
			children = (
				8413A1471C0AEBD100367F3E /* PixelSpaceOdyssey.app */,
				843911B41C0BE6C000134AB6 /* PixelSpaceOdysseyTests.xctest */,
			);
			name = Products;
			sourceTree = "<group>";
		};
		8413A1491C0AEBD100367F3E /* PixelSpaceOdyssey */ = {
			isa = PBXGroup;
			children = (
				843911D81C0EA28D00134AB6 /* button_grid.bmp */,
				843911D11C0E9A7300134AB6 /* button_pause.bmp */,
				843911D21C0E9A7300134AB6 /* button_step.bmp */,
				EF79DFF81C0E65A800F67559 /* button_play.bmp */,
				EFF3B3CB1C0E3FC300B19A87 /* Core */,
				843911C61C0C288600134AB6 /* EditorState.cpp */,
				843911C41C0C26D300134AB6 /* EditorState.h */,
				8413A1581C0AEBD100367F3E /* Info.plist */,
				843C16651C0BE0FF0036794D /* List.h */,
				843C160F1C0B7F450036794D /* Project */,
				843911CE1C0D41B100134AB6 /* RootView.cpp */,
				843911CF1C0D41B100134AB6 /* RootView.h */,
				8413A14D1C0AEBD100367F3E /* Supporting Files */,
				843911BE1C0BF00F00134AB6 /* tiles.bmp */,
				EFE961371C0E25750092B2CF /* UI */,
			);
			path = PixelSpaceOdyssey;
			sourceTree = "<group>";
		};
		8413A14D1C0AEBD100367F3E /* Supporting Files */ = {
			isa = PBXGroup;
			children = (
				8413A14E1C0AEBD100367F3E /* main.cpp */,
			);
			name = "Supporting Files";
			sourceTree = "<group>";
		};
		843911B51C0BE6C000134AB6 /* PixelSpaceOdysseyTests */ = {
			isa = PBXGroup;
			children = (
				843911B61C0BE6C000134AB6 /* PixelSpaceOdysseyTests.mm */,
				843911B81C0BE6C000134AB6 /* Info.plist */,
			);
			path = PixelSpaceOdysseyTests;
			sourceTree = "<group>";
		};
		843C160B1C0AED150036794D /* Frameworks */ = {
			isa = PBXGroup;
			children = (
				8413A1601C0AEC7200367F3E /* OpenGL.framework */,
				8413A15E1C0AEC6D00367F3E /* SDL2.framework */,
			);
			name = Frameworks;
			sourceTree = "<group>";
		};
		843C160F1C0B7F450036794D /* Project */ = {
			isa = PBXGroup;
			children = (
				843C16101C0B7F5D0036794D /* animation.h */,
				843C16111C0B7F5D0036794D /* bridge.h */,
				843C16121C0B7F5D0036794D /* character.cpp */,
				843C16131C0B7F5D0036794D /* character.h */,
				843C16141C0B7F5D0036794D /* common.h */,
				843C16151C0B7F5D0036794D /* drawing.cpp */,
				843C16161C0B7F5D0036794D /* drawing.h */,
				843C16171C0B7F5D0036794D /* game.cpp */,
				843C16181C0B7F5D0036794D /* game.h */,
				843C16191C0B7F5D0036794D /* player_animations.cpp */,
				843C161A1C0B7F5D0036794D /* player_animations.h */,
				843C161B1C0B7F5D0036794D /* tilemap.cpp */,
				843C161C1C0B7F5D0036794D /* tilemap.h */,
				843C161D1C0B7F5D0036794D /* tiles_lair_01.cpp */,
				843C161E1C0B7F5D0036794D /* tiles_lair_01.h */,
				843C161F1C0B7F5D0036794D /* tiles_tb_caverns.cpp */,
				843C16201C0B7F5D0036794D /* tiles_tb_caverns.h */,
				843C16211C0B7F5D0036794D /* PixelSpaceOdyssey.ino */,
			);
			name = Project;
			sourceTree = "<group>";
		};
		843C162A1C0B80180036794D /* Arduboy */ = {
			isa = PBXGroup;
			children = (
				843C162B1C0B80180036794D /* Arduboy.cpp */,
				843C162C1C0B80180036794D /* Arduboy.h */,
				843C162D1C0B80180036794D /* Arduino.cpp */,
				843C162E1C0B80180036794D /* audio.cpp */,
				843C162F1C0B80180036794D /* audio.h */,
				843C16301C0B80180036794D /* core.cpp */,
				843C16311C0B80180036794D /* core.h */,
				843C16321C0B80180036794D /* glcdfont.c */,
				843C16331C0B80180036794D /* platform.h */,
			);
			name = Arduboy;
			path = ../Arduboy;
			sourceTree = "<group>";
		};
		EFE961371C0E25750092B2CF /* UI */ = {
			isa = PBXGroup;
			children = (
				EFF3B3C81C0E3E3100B19A87 /* Button.cpp */,
				EFF3B3C91C0E3E3100B19A87 /* Button.h */,
				843C160C1C0B7E9A0036794D /* DisplayView.cpp */,
				843C160D1C0B7E9A0036794D /* DisplayView.h */,
				843911C81C0D339700134AB6 /* EditorView.cpp */,
				843911C91C0D339700134AB6 /* EditorView.h */,
				843911D51C0E9E5600134AB6 /* RectView.cpp */,
				843911D61C0E9E5600134AB6 /* RectView.h */,
				843911C01C0BF30900134AB6 /* TileView.cpp */,
				843911C11C0BF30900134AB6 /* TileView.h */,
				843C165C1C0BDC4B0036794D /* View.h */,
			);
			name = UI;
			sourceTree = "<group>";
		};
		EFF3B3CB1C0E3FC300B19A87 /* Core */ = {
			isa = PBXGroup;
			children = (
				EFF3B3CC1C0E3FDB00B19A87 /* Image.cpp */,
				EFF3B3CD1C0E3FDB00B19A87 /* Image.h */,
				EF79E0001C0E725A00F67559 /* Object.cpp */,
				EF79DFFE1C0E6A2200F67559 /* Object.h */,
				EF79DFFA1C0E69FE00F67559 /* Texture.cpp */,
				EF79DFFB1C0E69FE00F67559 /* Texture.h */,
				843911CB1C0D364800134AB6 /* TileSet.cpp */,
				843911CC1C0D364800134AB6 /* TileSet.h */,
			);
			name = Core;
			sourceTree = "<group>";
		};
/* End PBXGroup section */

/* Begin PBXNativeTarget section */
		8413A1461C0AEBD100367F3E /* PixelSpaceOdyssey */ = {
			isa = PBXNativeTarget;
			buildConfigurationList = 8413A15B1C0AEBD100367F3E /* Build configuration list for PBXNativeTarget "PixelSpaceOdyssey" */;
			buildPhases = (
				8413A1431C0AEBD100367F3E /* Sources */,
				8413A1441C0AEBD100367F3E /* Frameworks */,
				8413A1451C0AEBD100367F3E /* Resources */,
			);
			buildRules = (
			);
			dependencies = (
			);
			name = PixelSpaceOdyssey;
			productName = PixelSpaceOdyssey;
			productReference = 8413A1471C0AEBD100367F3E /* PixelSpaceOdyssey.app */;
			productType = "com.apple.product-type.application";
		};
		843911B31C0BE6C000134AB6 /* PixelSpaceOdysseyTests */ = {
			isa = PBXNativeTarget;
			buildConfigurationList = 843911BD1C0BE6C000134AB6 /* Build configuration list for PBXNativeTarget "PixelSpaceOdysseyTests" */;
			buildPhases = (
				843911B01C0BE6C000134AB6 /* Sources */,
				843911B11C0BE6C000134AB6 /* Frameworks */,
				843911B21C0BE6C000134AB6 /* Resources */,
			);
			buildRules = (
			);
			dependencies = (
				843911BA1C0BE6C000134AB6 /* PBXTargetDependency */,
			);
			name = PixelSpaceOdysseyTests;
			productName = PixelSpaceOdysseyTests;
			productReference = 843911B41C0BE6C000134AB6 /* PixelSpaceOdysseyTests.xctest */;
			productType = "com.apple.product-type.bundle.unit-test";
		};
/* End PBXNativeTarget section */

/* Begin PBXProject section */
		8413A13F1C0AEBD100367F3E /* Project object */ = {
			isa = PBXProject;
			attributes = {
				LastUpgradeCheck = 0710;
				ORGANIZATIONNAME = "Space Madness";
				TargetAttributes = {
					8413A1461C0AEBD100367F3E = {
						CreatedOnToolsVersion = 7.1;
					};
					843911B31C0BE6C000134AB6 = {
						CreatedOnToolsVersion = 7.1;
						TestTargetID = 8413A1461C0AEBD100367F3E;
					};
				};
			};
			buildConfigurationList = 8413A1421C0AEBD100367F3E /* Build configuration list for PBXProject "PixelSpaceOdyssey" */;
			compatibilityVersion = "Xcode 3.2";
			developmentRegion = English;
			hasScannedForEncodings = 0;
			knownRegions = (
				en,
				Base,
			);
			mainGroup = 8413A13E1C0AEBD100367F3E;
			productRefGroup = 8413A1481C0AEBD100367F3E /* Products */;
			projectDirPath = "";
			projectRoot = "";
			targets = (
				8413A1461C0AEBD100367F3E /* PixelSpaceOdyssey */,
				843911B31C0BE6C000134AB6 /* PixelSpaceOdysseyTests */,
			);
		};
/* End PBXProject section */

/* Begin PBXResourcesBuildPhase section */
		8413A1451C0AEBD100367F3E /* Resources */ = {
			isa = PBXResourcesBuildPhase;
			buildActionMask = 2147483647;
			files = (
				EF79DFF91C0E65A800F67559 /* button_play.bmp in Resources */,
				843C16291C0B7F5D0036794D /* PixelSpaceOdyssey.ino in Resources */,
				843911D41C0E9A7300134AB6 /* button_step.bmp in Resources */,
				843911D91C0EA28D00134AB6 /* button_grid.bmp in Resources */,
				843911D31C0E9A7300134AB6 /* button_pause.bmp in Resources */,
				843911BF1C0BF00F00134AB6 /* tiles.bmp in Resources */,
			);
			runOnlyForDeploymentPostprocessing = 0;
		};
		843911B21C0BE6C000134AB6 /* Resources */ = {
			isa = PBXResourcesBuildPhase;
			buildActionMask = 2147483647;
			files = (
			);
			runOnlyForDeploymentPostprocessing = 0;
		};
/* End PBXResourcesBuildPhase section */

/* Begin PBXSourcesBuildPhase section */
		8413A1431C0AEBD100367F3E /* Sources */ = {
			isa = PBXSourcesBuildPhase;
			buildActionMask = 2147483647;
			files = (
				843C16231C0B7F5D0036794D /* drawing.cpp in Sources */,
				843C16281C0B7F5D0036794D /* tiles_tb_caverns.cpp in Sources */,
				8413A14F1C0AEBD100367F3E /* main.cpp in Sources */,
				843911C21C0BF30900134AB6 /* TileView.cpp in Sources */,
				843911D71C0E9E5600134AB6 /* RectView.cpp in Sources */,
				843C16371C0B80180036794D /* core.cpp in Sources */,
				EF79DFFC1C0E69FE00F67559 /* Texture.cpp in Sources */,
				843C16381C0B80180036794D /* glcdfont.c in Sources */,
				843C16271C0B7F5D0036794D /* tiles_lair_01.cpp in Sources */,
				EFF3B3CA1C0E3E3100B19A87 /* Button.cpp in Sources */,
				843C16361C0B80180036794D /* audio.cpp in Sources */,
				843C16351C0B80180036794D /* Arduino.cpp in Sources */,
				843C16261C0B7F5D0036794D /* tilemap.cpp in Sources */,
				843911CD1C0D364800134AB6 /* TileSet.cpp in Sources */,
				843911CA1C0D339700134AB6 /* EditorView.cpp in Sources */,
				EF79E0011C0E725A00F67559 /* Object.cpp in Sources */,
				843C160E1C0B7E9A0036794D /* DisplayView.cpp in Sources */,
				843911D01C0D41B100134AB6 /* RootView.cpp in Sources */,
				843C16341C0B80180036794D /* Arduboy.cpp in Sources */,
				843911C71C0C288600134AB6 /* EditorState.cpp in Sources */,
				843C16251C0B7F5D0036794D /* player_animations.cpp in Sources */,
				EFF3B3CE1C0E3FDB00B19A87 /* Image.cpp in Sources */,
				843C16241C0B7F5D0036794D /* game.cpp in Sources */,
				843C16221C0B7F5D0036794D /* character.cpp in Sources */,
			);
			runOnlyForDeploymentPostprocessing = 0;
		};
		843911B01C0BE6C000134AB6 /* Sources */ = {
			isa = PBXSourcesBuildPhase;
			buildActionMask = 2147483647;
			files = (
				843911B71C0BE6C000134AB6 /* PixelSpaceOdysseyTests.mm in Sources */,
			);
			runOnlyForDeploymentPostprocessing = 0;
		};
/* End PBXSourcesBuildPhase section */

/* Begin PBXTargetDependency section */
		843911BA1C0BE6C000134AB6 /* PBXTargetDependency */ = {
			isa = PBXTargetDependency;
			target = 8413A1461C0AEBD100367F3E /* PixelSpaceOdyssey */;
			targetProxy = 843911B91C0BE6C000134AB6 /* PBXContainerItemProxy */;
		};
/* End PBXTargetDependency section */

/* Begin XCBuildConfiguration section */
		8413A1591C0AEBD100367F3E /* Debug */ = {
			isa = XCBuildConfiguration;
			buildSettings = {
				ALWAYS_SEARCH_USER_PATHS = NO;
				CLANG_CXX_LANGUAGE_STANDARD = "gnu++0x";
				CLANG_CXX_LIBRARY = "libc++";
				CLANG_ENABLE_MODULES = YES;
				CLANG_ENABLE_OBJC_ARC = YES;
				CLANG_WARN_BOOL_CONVERSION = YES;
				CLANG_WARN_CONSTANT_CONVERSION = YES;
				CLANG_WARN_DIRECT_OBJC_ISA_USAGE = YES_ERROR;
				CLANG_WARN_EMPTY_BODY = YES;
				CLANG_WARN_ENUM_CONVERSION = YES;
				CLANG_WARN_INT_CONVERSION = YES;
				CLANG_WARN_OBJC_ROOT_CLASS = YES_ERROR;
				CLANG_WARN_UNREACHABLE_CODE = YES;
				CLANG_WARN__DUPLICATE_METHOD_MATCH = YES;
				CODE_SIGN_IDENTITY = "-";
				COPY_PHASE_STRIP = NO;
				DEBUG_INFORMATION_FORMAT = dwarf;
				ENABLE_STRICT_OBJC_MSGSEND = YES;
				ENABLE_TESTABILITY = YES;
				FRAMEWORK_SEARCH_PATHS = "$(LOCAL_LIBRARY_DIR)/Frameworks";
				GCC_C_LANGUAGE_STANDARD = gnu99;
				GCC_DYNAMIC_NO_PIC = NO;
				GCC_NO_COMMON_BLOCKS = YES;
				GCC_OPTIMIZATION_LEVEL = 0;
				GCC_PREPROCESSOR_DEFINITIONS = (
					"DEBUG=1",
					"$(inherited)",
				);
				GCC_WARN_64_TO_32_BIT_CONVERSION = YES;
				GCC_WARN_ABOUT_RETURN_TYPE = YES_ERROR;
				GCC_WARN_UNDECLARED_SELECTOR = YES;
				GCC_WARN_UNINITIALIZED_AUTOS = YES_AGGRESSIVE;
				GCC_WARN_UNUSED_FUNCTION = YES;
				GCC_WARN_UNUSED_VARIABLE = YES;
				HEADER_SEARCH_PATHS = "\"$(SRCROOT)/../Platform\"";
				MACOSX_DEPLOYMENT_TARGET = 10.10;
				MTL_ENABLE_DEBUG_INFO = YES;
				ONLY_ACTIVE_ARCH = YES;
				SDKROOT = macosx;
			};
			name = Debug;
		};
		8413A15A1C0AEBD100367F3E /* Release */ = {
			isa = XCBuildConfiguration;
			buildSettings = {
				ALWAYS_SEARCH_USER_PATHS = NO;
				CLANG_CXX_LANGUAGE_STANDARD = "gnu++0x";
				CLANG_CXX_LIBRARY = "libc++";
				CLANG_ENABLE_MODULES = YES;
				CLANG_ENABLE_OBJC_ARC = YES;
				CLANG_WARN_BOOL_CONVERSION = YES;
				CLANG_WARN_CONSTANT_CONVERSION = YES;
				CLANG_WARN_DIRECT_OBJC_ISA_USAGE = YES_ERROR;
				CLANG_WARN_EMPTY_BODY = YES;
				CLANG_WARN_ENUM_CONVERSION = YES;
				CLANG_WARN_INT_CONVERSION = YES;
				CLANG_WARN_OBJC_ROOT_CLASS = YES_ERROR;
				CLANG_WARN_UNREACHABLE_CODE = YES;
				CLANG_WARN__DUPLICATE_METHOD_MATCH = YES;
				CODE_SIGN_IDENTITY = "-";
				COPY_PHASE_STRIP = NO;
				DEBUG_INFORMATION_FORMAT = "dwarf-with-dsym";
				ENABLE_NS_ASSERTIONS = NO;
				ENABLE_STRICT_OBJC_MSGSEND = YES;
				FRAMEWORK_SEARCH_PATHS = "$(LOCAL_LIBRARY_DIR)/Frameworks";
				GCC_C_LANGUAGE_STANDARD = gnu99;
				GCC_NO_COMMON_BLOCKS = YES;
				GCC_WARN_64_TO_32_BIT_CONVERSION = YES;
				GCC_WARN_ABOUT_RETURN_TYPE = YES_ERROR;
				GCC_WARN_UNDECLARED_SELECTOR = YES;
				GCC_WARN_UNINITIALIZED_AUTOS = YES_AGGRESSIVE;
				GCC_WARN_UNUSED_FUNCTION = YES;
				GCC_WARN_UNUSED_VARIABLE = YES;
				HEADER_SEARCH_PATHS = "\"$(SRCROOT)/../Platform\"";
				MACOSX_DEPLOYMENT_TARGET = 10.10;
				MTL_ENABLE_DEBUG_INFO = NO;
				SDKROOT = macosx;
			};
			name = Release;
		};
		8413A15C1C0AEBD100367F3E /* Debug */ = {
			isa = XCBuildConfiguration;
			buildSettings = {
				COMBINE_HIDPI_IMAGES = YES;
				INFOPLIST_FILE = PixelSpaceOdyssey/Info.plist;
				LD_RUNPATH_SEARCH_PATHS = "$(inherited) @executable_path/../Frameworks";
				PRODUCT_BUNDLE_IDENTIFIER = com.spacemadness.PixelSpaceOdyssey;
				PRODUCT_NAME = "$(TARGET_NAME)";
			};
			name = Debug;
		};
		8413A15D1C0AEBD100367F3E /* Release */ = {
			isa = XCBuildConfiguration;
			buildSettings = {
				COMBINE_HIDPI_IMAGES = YES;
				INFOPLIST_FILE = PixelSpaceOdyssey/Info.plist;
				LD_RUNPATH_SEARCH_PATHS = "$(inherited) @executable_path/../Frameworks";
				PRODUCT_BUNDLE_IDENTIFIER = com.spacemadness.PixelSpaceOdyssey;
				PRODUCT_NAME = "$(TARGET_NAME)";
			};
			name = Release;
		};
		843911BB1C0BE6C000134AB6 /* Debug */ = {
			isa = XCBuildConfiguration;
			buildSettings = {
				BUNDLE_LOADER = "$(TEST_HOST)";
				COMBINE_HIDPI_IMAGES = YES;
				INFOPLIST_FILE = PixelSpaceOdysseyTests/Info.plist;
				LD_RUNPATH_SEARCH_PATHS = "$(inherited) @executable_path/../Frameworks @loader_path/../Frameworks";
				PRODUCT_BUNDLE_IDENTIFIER = com.spacemadness.PixelSpaceOdysseyTests;
				PRODUCT_NAME = "$(TARGET_NAME)";
				TEST_HOST = "$(BUILT_PRODUCTS_DIR)/PixelSpaceOdyssey.app/Contents/MacOS/PixelSpaceOdyssey";
			};
			name = Debug;
		};
		843911BC1C0BE6C000134AB6 /* Release */ = {
			isa = XCBuildConfiguration;
			buildSettings = {
				BUNDLE_LOADER = "$(TEST_HOST)";
				COMBINE_HIDPI_IMAGES = YES;
				INFOPLIST_FILE = PixelSpaceOdysseyTests/Info.plist;
				LD_RUNPATH_SEARCH_PATHS = "$(inherited) @executable_path/../Frameworks @loader_path/../Frameworks";
				PRODUCT_BUNDLE_IDENTIFIER = com.spacemadness.PixelSpaceOdysseyTests;
				PRODUCT_NAME = "$(TARGET_NAME)";
				TEST_HOST = "$(BUILT_PRODUCTS_DIR)/PixelSpaceOdyssey.app/Contents/MacOS/PixelSpaceOdyssey";
			};
			name = Release;
		};
/* End XCBuildConfiguration section */

/* Begin XCConfigurationList section */
		8413A1421C0AEBD100367F3E /* Build configuration list for PBXProject "PixelSpaceOdyssey" */ = {
			isa = XCConfigurationList;
			buildConfigurations = (
				8413A1591C0AEBD100367F3E /* Debug */,
				8413A15A1C0AEBD100367F3E /* Release */,
			);
			defaultConfigurationIsVisible = 0;
			defaultConfigurationName = Release;
		};
		8413A15B1C0AEBD100367F3E /* Build configuration list for PBXNativeTarget "PixelSpaceOdyssey" */ = {
			isa = XCConfigurationList;
			buildConfigurations = (
				8413A15C1C0AEBD100367F3E /* Debug */,
				8413A15D1C0AEBD100367F3E /* Release */,
			);
			defaultConfigurationIsVisible = 0;
			defaultConfigurationName = Release;
		};
		843911BD1C0BE6C000134AB6 /* Build configuration list for PBXNativeTarget "PixelSpaceOdysseyTests" */ = {
			isa = XCConfigurationList;
			buildConfigurations = (
				843911BB1C0BE6C000134AB6 /* Debug */,
				843911BC1C0BE6C000134AB6 /* Release */,
			);
			defaultConfigurationIsVisible = 0;
			defaultConfigurationName = Release;
		};
/* End XCConfigurationList section */
	};
	rootObject = 8413A13F1C0AEBD100367F3E /* Project object */;
}
