// !$*UTF8*$!
{
	archiveVersion = 1;
	classes = {
	};
	objectVersion = 46;
	objects = {

/* Begin PBXBuildFile section */
		8413A14F1C0AEBD100367F3E /* main.cpp in Sources */ = {isa = PBXBuildFile; fileRef = 8413A14E1C0AEBD100367F3E /* main.cpp */; };
		8413A15F1C0AEC6D00367F3E /* SDL2.framework in Frameworks */ = {isa = PBXBuildFile; fileRef = 8413A15E1C0AEC6D00367F3E /* SDL2.framework */; };
		8413A1611C0AEC7200367F3E /* OpenGL.framework in Frameworks */ = {isa = PBXBuildFile; fileRef = 8413A1601C0AEC7200367F3E /* OpenGL.framework */; };
/* End PBXBuildFile section */

/* Begin PBXFileReference section */
		8413A1471C0AEBD100367F3E /* PixelSpaceOdyssey.app */ = {isa = PBXFileReference; explicitFileType = wrapper.application; includeInIndex = 0; path = PixelSpaceOdyssey.app; sourceTree = BUILT_PRODUCTS_DIR; };
		8413A14E1C0AEBD100367F3E /* main.cpp */ = {isa = PBXFileReference; lastKnownFileType = sourcecode.cpp.cpp; path = main.cpp; sourceTree = "<group>"; };
		8413A1581C0AEBD100367F3E /* Info.plist */ = {isa = PBXFileReference; lastKnownFileType = text.plist.xml; path = Info.plist; sourceTree = "<group>"; };
		8413A15E1C0AEC6D00367F3E /* SDL2.framework */ = {isa = PBXFileReference; lastKnownFileType = wrapper.framework; name = SDL2.framework; path = /Library/Frameworks/SDL2.framework; sourceTree = "<absolute>"; };
		8413A1601C0AEC7200367F3E /* OpenGL.framework */ = {isa = PBXFileReference; lastKnownFileType = wrapper.framework; name = OpenGL.framework; path = System/Library/Frameworks/OpenGL.framework; sourceTree = SDKROOT; };
/* End PBXFileReference section */

/* Begin PBXFrameworksBuildPhase section */
		8413A1441C0AEBD100367F3E /* Frameworks */ = {
			isa = PBXFrameworksBuildPhase;
			buildActionMask = 2147483647;
			files = (
				8413A1611C0AEC7200367F3E /* OpenGL.framework in Frameworks */,
				8413A15F1C0AEC6D00367F3E /* SDL2.framework in Frameworks */,
			);
			runOnlyForDeploymentPostprocessing = 0;
		};
/* End PBXFrameworksBuildPhase section */

/* Begin PBXGroup section */
		8413A13E1C0AEBD100367F3E = {
			isa = PBXGroup;
			children = (
				843C160B1C0AED150036794D /* Frameworks */,
				8413A1491C0AEBD100367F3E /* PixelSpaceOdyssey */,
				8413A1481C0AEBD100367F3E /* Products */,
			);
			sourceTree = "<group>";
		};
		8413A1481C0AEBD100367F3E /* Products */ = {
			isa = PBXGroup;
			children = (
				8413A1471C0AEBD100367F3E /* PixelSpaceOdyssey.app */,
			);
			name = Products;
			sourceTree = "<group>";
		};
		8413A1491C0AEBD100367F3E /* PixelSpaceOdyssey */ = {
			isa = PBXGroup;
			children = (
				8413A1581C0AEBD100367F3E /* Info.plist */,
				8413A14D1C0AEBD100367F3E /* Supporting Files */,
			);
			path = PixelSpaceOdyssey;
			sourceTree = "<group>";
		};
		8413A14D1C0AEBD100367F3E /* Supporting Files */ = {
			isa = PBXGroup;
			children = (
				8413A14E1C0AEBD100367F3E /* main.cpp */,
			);
			name = "Supporting Files";
			sourceTree = "<group>";
		};
		843C160B1C0AED150036794D /* Frameworks */ = {
			isa = PBXGroup;
			children = (
				8413A1601C0AEC7200367F3E /* OpenGL.framework */,
				8413A15E1C0AEC6D00367F3E /* SDL2.framework */,
			);
			name = Frameworks;
			sourceTree = "<group>";
		};
/* End PBXGroup section */

/* Begin PBXNativeTarget section */
		8413A1461C0AEBD100367F3E /* PixelSpaceOdyssey */ = {
			isa = PBXNativeTarget;
			buildConfigurationList = 8413A15B1C0AEBD100367F3E /* Build configuration list for PBXNativeTarget "PixelSpaceOdyssey" */;
			buildPhases = (
				8413A1431C0AEBD100367F3E /* Sources */,
				8413A1441C0AEBD100367F3E /* Frameworks */,
				8413A1451C0AEBD100367F3E /* Resources */,
			);
			buildRules = (
			);
			dependencies = (
			);
			name = PixelSpaceOdyssey;
			productName = PixelSpaceOdyssey;
			productReference = 8413A1471C0AEBD100367F3E /* PixelSpaceOdyssey.app */;
			productType = "com.apple.product-type.application";
		};
/* End PBXNativeTarget section */

/* Begin PBXProject section */
		8413A13F1C0AEBD100367F3E /* Project object */ = {
			isa = PBXProject;
			attributes = {
				LastUpgradeCheck = 0710;
				ORGANIZATIONNAME = "Space Madness";
				TargetAttributes = {
					8413A1461C0AEBD100367F3E = {
						CreatedOnToolsVersion = 7.1;
					};
				};
			};
			buildConfigurationList = 8413A1421C0AEBD100367F3E /* Build configuration list for PBXProject "PixelSpaceOdyssey" */;
			compatibilityVersion = "Xcode 3.2";
			developmentRegion = English;
			hasScannedForEncodings = 0;
			knownRegions = (
				en,
				Base,
			);
			mainGroup = 8413A13E1C0AEBD100367F3E;
			productRefGroup = 8413A1481C0AEBD100367F3E /* Products */;
			projectDirPath = "";
			projectRoot = "";
			targets = (
				8413A1461C0AEBD100367F3E /* PixelSpaceOdyssey */,
			);
		};
/* End PBXProject section */

/* Begin PBXResourcesBuildPhase section */
		8413A1451C0AEBD100367F3E /* Resources */ = {
			isa = PBXResourcesBuildPhase;
			buildActionMask = 2147483647;
			files = (
			);
			runOnlyForDeploymentPostprocessing = 0;
		};
/* End PBXResourcesBuildPhase section */

/* Begin PBXSourcesBuildPhase section */
		8413A1431C0AEBD100367F3E /* Sources */ = {
			isa = PBXSourcesBuildPhase;
			buildActionMask = 2147483647;
			files = (
				8413A14F1C0AEBD100367F3E /* main.cpp in Sources */,
			);
			runOnlyForDeploymentPostprocessing = 0;
		};
/* End PBXSourcesBuildPhase section */

/* Begin XCBuildConfiguration section */
		8413A1591C0AEBD100367F3E /* Debug */ = {
			isa = XCBuildConfiguration;
			buildSettings = {
				ALWAYS_SEARCH_USER_PATHS = NO;
				CLANG_CXX_LANGUAGE_STANDARD = "gnu++0x";
				CLANG_CXX_LIBRARY = "libc++";
				CLANG_ENABLE_MODULES = YES;
				CLANG_ENABLE_OBJC_ARC = YES;
				CLANG_WARN_BOOL_CONVERSION = YES;
				CLANG_WARN_CONSTANT_CONVERSION = YES;
				CLANG_WARN_DIRECT_OBJC_ISA_USAGE = YES_ERROR;
				CLANG_WARN_EMPTY_BODY = YES;
				CLANG_WARN_ENUM_CONVERSION = YES;
				CLANG_WARN_INT_CONVERSION = YES;
				CLANG_WARN_OBJC_ROOT_CLASS = YES_ERROR;
				CLANG_WARN_UNREACHABLE_CODE = YES;
				CLANG_WARN__DUPLICATE_METHOD_MATCH = YES;
				CODE_SIGN_IDENTITY = "-";
				COPY_PHASE_STRIP = NO;
				DEBUG_INFORMATION_FORMAT = dwarf;
				ENABLE_STRICT_OBJC_MSGSEND = YES;
				ENABLE_TESTABILITY = YES;
				GCC_C_LANGUAGE_STANDARD = gnu99;
				GCC_DYNAMIC_NO_PIC = NO;
				GCC_NO_COMMON_BLOCKS = YES;
				GCC_OPTIMIZATION_LEVEL = 0;
				GCC_PREPROCESSOR_DEFINITIONS = (
					"DEBUG=1",
					"$(inherited)",
				);
				GCC_WARN_64_TO_32_BIT_CONVERSION = YES;
				GCC_WARN_ABOUT_RETURN_TYPE = YES_ERROR;
				GCC_WARN_UNDECLARED_SELECTOR = YES;
				GCC_WARN_UNINITIALIZED_AUTOS = YES_AGGRESSIVE;
				GCC_WARN_UNUSED_FUNCTION = YES;
				GCC_WARN_UNUSED_VARIABLE = YES;
				MACOSX_DEPLOYMENT_TARGET = 10.10;
				MTL_ENABLE_DEBUG_INFO = YES;
				ONLY_ACTIVE_ARCH = YES;
				SDKROOT = macosx;
			};
			name = Debug;
		};
		8413A15A1C0AEBD100367F3E /* Release */ = {
			isa = XCBuildConfiguration;
			buildSettings = {
				ALWAYS_SEARCH_USER_PATHS = NO;
				CLANG_CXX_LANGUAGE_STANDARD = "gnu++0x";
				CLANG_CXX_LIBRARY = "libc++";
				CLANG_ENABLE_MODULES = YES;
				CLANG_ENABLE_OBJC_ARC = YES;
				CLANG_WARN_BOOL_CONVERSION = YES;
				CLANG_WARN_CONSTANT_CONVERSION = YES;
				CLANG_WARN_DIRECT_OBJC_ISA_USAGE = YES_ERROR;
				CLANG_WARN_EMPTY_BODY = YES;
				CLANG_WARN_ENUM_CONVERSION = YES;
				CLANG_WARN_INT_CONVERSION = YES;
				CLANG_WARN_OBJC_ROOT_CLASS = YES_ERROR;
				CLANG_WARN_UNREACHABLE_CODE = YES;
				CLANG_WARN__DUPLICATE_METHOD_MATCH = YES;
				CODE_SIGN_IDENTITY = "-";
				COPY_PHASE_STRIP = NO;
				DEBUG_INFORMATION_FORMAT = "dwarf-with-dsym";
				ENABLE_NS_ASSERTIONS = NO;
				ENABLE_STRICT_OBJC_MSGSEND = YES;
				GCC_C_LANGUAGE_STANDARD = gnu99;
				GCC_NO_COMMON_BLOCKS = YES;
				GCC_WARN_64_TO_32_BIT_CONVERSION = YES;
				GCC_WARN_ABOUT_RETURN_TYPE = YES_ERROR;
				GCC_WARN_UNDECLARED_SELECTOR = YES;
				GCC_WARN_UNINITIALIZED_AUTOS = YES_AGGRESSIVE;
				GCC_WARN_UNUSED_FUNCTION = YES;
				GCC_WARN_UNUSED_VARIABLE = YES;
				MACOSX_DEPLOYMENT_TARGET = 10.10;
				MTL_ENABLE_DEBUG_INFO = NO;
				SDKROOT = macosx;
			};
			name = Release;
		};
		8413A15C1C0AEBD100367F3E /* Debug */ = {
			isa = XCBuildConfiguration;
			buildSettings = {
				COMBINE_HIDPI_IMAGES = YES;
				FRAMEWORK_SEARCH_PATHS = (
					"$(inherited)",
					"$(LOCAL_LIBRARY_DIR)/Frameworks",
				);
				INFOPLIST_FILE = PixelSpaceOdyssey/Info.plist;
				LD_RUNPATH_SEARCH_PATHS = "$(inherited) @executable_path/../Frameworks";
				PRODUCT_BUNDLE_IDENTIFIER = com.spacemadness.PixelSpaceOdyssey;
				PRODUCT_NAME = "$(TARGET_NAME)";
			};
			name = Debug;
		};
		8413A15D1C0AEBD100367F3E /* Release */ = {
			isa = XCBuildConfiguration;
			buildSettings = {
				COMBINE_HIDPI_IMAGES = YES;
				FRAMEWORK_SEARCH_PATHS = (
					"$(inherited)",
					"$(LOCAL_LIBRARY_DIR)/Frameworks",
				);
				INFOPLIST_FILE = PixelSpaceOdyssey/Info.plist;
				LD_RUNPATH_SEARCH_PATHS = "$(inherited) @executable_path/../Frameworks";
				PRODUCT_BUNDLE_IDENTIFIER = com.spacemadness.PixelSpaceOdyssey;
				PRODUCT_NAME = "$(TARGET_NAME)";
			};
			name = Release;
		};
/* End XCBuildConfiguration section */

/* Begin XCConfigurationList section */
		8413A1421C0AEBD100367F3E /* Build configuration list for PBXProject "PixelSpaceOdyssey" */ = {
			isa = XCConfigurationList;
			buildConfigurations = (
				8413A1591C0AEBD100367F3E /* Debug */,
				8413A15A1C0AEBD100367F3E /* Release */,
			);
			defaultConfigurationIsVisible = 0;
			defaultConfigurationName = Release;
		};
		8413A15B1C0AEBD100367F3E /* Build configuration list for PBXNativeTarget "PixelSpaceOdyssey" */ = {
			isa = XCConfigurationList;
			buildConfigurations = (
				8413A15C1C0AEBD100367F3E /* Debug */,
				8413A15D1C0AEBD100367F3E /* Release */,
			);
			defaultConfigurationIsVisible = 0;
			defaultConfigurationName = Release;
		};
/* End XCConfigurationList section */
	};
	rootObject = 8413A13F1C0AEBD100367F3E /* Project object */;
}
